
Microsoft Visual Studio Solution File, Format Version 12.00
# Visual Studio Version 17
VisualStudioVersion = 17.11.35312.102
MinimumVisualStudioVersion = 10.0.40219.1
Project("{FAE04EC0-301F-11D3-BF4B-00C04F79EFBC}") = "01_MainSubjects", "01_MainSubjects\01_MainSubjects.csproj", "{209EED33-12C7-4755-8E5F-F875F979961D}"
EndProject
Project("{FAE04EC0-301F-11D3-BF4B-00C04F79EFBC}") = "02_Variables", "02_Variables\02_Variables.csproj", "{FF4845B4-9959-4058-81AA-33ABF6DCD929}"
EndProject
Project("{FAE04EC0-301F-11D3-BF4B-00C04F79EFBC}") = "03_DecisionStructures", "03_DecisionStructures\03_DecisionStructures.csproj", "{95501B57-2693-4AA8-A276-EC8B18461466}"
EndProject
Project("{FAE04EC0-301F-11D3-BF4B-00C04F79EFBC}") = "04_Loops", "04_Loops\04_Loops.csproj", "{3EACC62A-F6E1-483F-9C91-7AFDA8A71D64}"
EndProject
Project("{FAE04EC0-301F-11D3-BF4B-00C04F79EFBC}") = "05_LoopsWithStars", "05_LoopsWithStars\05_LoopsWithStars.csproj", "{FAFEA1DE-0BBA-4BBA-9BB4-70A0B92101EF}"
EndProject
Project("{FAE04EC0-301F-11D3-BF4B-00C04F79EFBC}") = "06_Arrays", "06_Arrays\06_Arrays.csproj", "{4535C3AF-C2E8-439E-B8A9-6168F7315DE8}"
EndProject
Project("{FAE04EC0-301F-11D3-BF4B-00C04F79EFBC}") = "07_ForeachLoop", "07_ForeachLoop\07_ForeachLoop.csproj", "{3201D33B-42F1-4454-9022-AB34A04DFC44}"
EndProject
Project("{FAE04EC0-301F-11D3-BF4B-00C04F79EFBC}") = "08_Methods", "08_Methods\08_Methods.csproj", "{58205818-9B39-46B3-810A-9A5C9F3D1FF3}"
EndProject
Project("{FAE04EC0-301F-11D3-BF4B-00C04F79EFBC}") = "09_DatabaseProject", "09_DatabaseProject\09_DatabaseProject.csproj", "{771BFA05-B247-41C8-A8A9-716BC466443C}"
EndProject
Project("{FAE04EC0-301F-11D3-BF4B-00C04F79EFBC}") = "10_DatabaseCrud", "10_DatabaseCrud\10_DatabaseCrud.csproj", "{1D6A0E9C-BB14-471F-9546-57E47D071E67}"
EndProject
Project("{2150E333-8FDC-42A3-9474-1A3956D46DE8}") = "CSharpEgitimKampi301", "CSharpEgitimKampi301", "{C9481601-D96E-419D-A798-BE3B218E0A04}"
EndProject
Project("{FAE04EC0-301F-11D3-BF4B-00C04F79EFBC}") = "CSharpEgitimKampi301.EntityLayer", "CSharpEgitimKampi301\CSharpEgitimKampi301.EntityLayer\CSharpEgitimKampi301.EntityLayer.csproj", "{41D26C97-1AD6-4771-8EF5-5C602D40A749}"
EndProject
Project("{FAE04EC0-301F-11D3-BF4B-00C04F79EFBC}") = "CSharpEgitimKampi301.DataAccessLayer", "CSharpEgitimKampi301\CSharpEgitimKampi301.DataAccessLayer\CSharpEgitimKampi301.DataAccessLayer.csproj", "{8C2A8A05-28EA-4E7B-AC79-3D42A29FFB67}"
EndProject
Project("{FAE04EC0-301F-11D3-BF4B-00C04F79EFBC}") = "CSharpEgitimKampi301.BusinessLayer", "CSharpEgitimKampi301\CSharpEgitimKampi301.BusinessLayer\CSharpEgitimKampi301.BusinessLayer.csproj", "{198D4339-6692-4179-9692-5B1199C4C37E}"
EndProject
Project("{FAE04EC0-301F-11D3-BF4B-00C04F79EFBC}") = "CSharpEgitimKampi301.PresentationLayer", "CSharpEgitimKampi301\CSharpEgitimKampi301.PresentationLayer\CSharpEgitimKampi301.PresentationLayer.csproj", "{207DF30B-22CA-4A06-9982-2ED1B16B26D1}"
EndProject
Project("{FAE04EC0-301F-11D3-BF4B-00C04F79EFBC}") = "CSharpEgitimKampi301.EFProject", "CSharpEgitimKampi301\CSharpEgitimKampi301.EFProject\CSharpEgitimKampi301.EFProject.csproj", "{3D754722-0AA2-4A95-9FE2-F306F1E58F44}"
EndProject
Project("{2150E333-8FDC-42A3-9474-1A3956D46DE8}") = "CSharpEgitimKampi501", "CSharpEgitimKampi501", "{2EEEF897-64C5-4C57-ABB0-730483A4FA3D}"
EndProject
Project("{FAE04EC0-301F-11D3-BF4B-00C04F79EFBC}") = "CSharpEgitimKampi501", "CSharpEgitimKampi501\CSharpEgitimKampi501\CSharpEgitimKampi501.csproj", "{73879FDD-D7C3-4476-8BB5-AD384CE832ED}"
EndProject
Project("{2150E333-8FDC-42A3-9474-1A3956D46DE8}") = "CSharpEgitimKampi601", "CSharpEgitimKampi601", "{5B7DF5CF-89B0-4C2C-AF37-FE29A98D9250}"
EndProject
Project("{FAE04EC0-301F-11D3-BF4B-00C04F79EFBC}") = "CSharpEgitimKampi601", "CSharpEgitimKampi601\CSharpEgitimKampi601\CSharpEgitimKampi601.csproj", "{FCD5A097-2F27-4B90-A15B-5EEFFD45E1F3}"
EndProject
Global
	GlobalSection(SolutionConfigurationPlatforms) = preSolution
		Debug|Any CPU = Debug|Any CPU
		Release|Any CPU = Release|Any CPU
	EndGlobalSection
	GlobalSection(ProjectConfigurationPlatforms) = postSolution
		{209EED33-12C7-4755-8E5F-F875F979961D}.Debug|Any CPU.ActiveCfg = Debug|Any CPU
		{209EED33-12C7-4755-8E5F-F875F979961D}.Debug|Any CPU.Build.0 = Debug|Any CPU
		{209EED33-12C7-4755-8E5F-F875F979961D}.Release|Any CPU.ActiveCfg = Release|Any CPU
		{209EED33-12C7-4755-8E5F-F875F979961D}.Release|Any CPU.Build.0 = Release|Any CPU
		{FF4845B4-9959-4058-81AA-33ABF6DCD929}.Debug|Any CPU.ActiveCfg = Debug|Any CPU
		{FF4845B4-9959-4058-81AA-33ABF6DCD929}.Debug|Any CPU.Build.0 = Debug|Any CPU
		{FF4845B4-9959-4058-81AA-33ABF6DCD929}.Release|Any CPU.ActiveCfg = Release|Any CPU
		{FF4845B4-9959-4058-81AA-33ABF6DCD929}.Release|Any CPU.Build.0 = Release|Any CPU
		{95501B57-2693-4AA8-A276-EC8B18461466}.Debug|Any CPU.ActiveCfg = Debug|Any CPU
		{95501B57-2693-4AA8-A276-EC8B18461466}.Debug|Any CPU.Build.0 = Debug|Any CPU
		{95501B57-2693-4AA8-A276-EC8B18461466}.Release|Any CPU.ActiveCfg = Release|Any CPU
		{95501B57-2693-4AA8-A276-EC8B18461466}.Release|Any CPU.Build.0 = Release|Any CPU
		{3EACC62A-F6E1-483F-9C91-7AFDA8A71D64}.Debug|Any CPU.ActiveCfg = Debug|Any CPU
		{3EACC62A-F6E1-483F-9C91-7AFDA8A71D64}.Debug|Any CPU.Build.0 = Debug|Any CPU
		{3EACC62A-F6E1-483F-9C91-7AFDA8A71D64}.Release|Any CPU.ActiveCfg = Release|Any CPU
		{3EACC62A-F6E1-483F-9C91-7AFDA8A71D64}.Release|Any CPU.Build.0 = Release|Any CPU
		{FAFEA1DE-0BBA-4BBA-9BB4-70A0B92101EF}.Debug|Any CPU.ActiveCfg = Debug|Any CPU
		{FAFEA1DE-0BBA-4BBA-9BB4-70A0B92101EF}.Debug|Any CPU.Build.0 = Debug|Any CPU
		{FAFEA1DE-0BBA-4BBA-9BB4-70A0B92101EF}.Release|Any CPU.ActiveCfg = Release|Any CPU
		{FAFEA1DE-0BBA-4BBA-9BB4-70A0B92101EF}.Release|Any CPU.Build.0 = Release|Any CPU
		{4535C3AF-C2E8-439E-B8A9-6168F7315DE8}.Debug|Any CPU.ActiveCfg = Debug|Any CPU
		{4535C3AF-C2E8-439E-B8A9-6168F7315DE8}.Debug|Any CPU.Build.0 = Debug|Any CPU
		{4535C3AF-C2E8-439E-B8A9-6168F7315DE8}.Release|Any CPU.ActiveCfg = Release|Any CPU
		{4535C3AF-C2E8-439E-B8A9-6168F7315DE8}.Release|Any CPU.Build.0 = Release|Any CPU
		{3201D33B-42F1-4454-9022-AB34A04DFC44}.Debug|Any CPU.ActiveCfg = Debug|Any CPU
		{3201D33B-42F1-4454-9022-AB34A04DFC44}.Debug|Any CPU.Build.0 = Debug|Any CPU
		{3201D33B-42F1-4454-9022-AB34A04DFC44}.Release|Any CPU.ActiveCfg = Release|Any CPU
		{3201D33B-42F1-4454-9022-AB34A04DFC44}.Release|Any CPU.Build.0 = Release|Any CPU
		{58205818-9B39-46B3-810A-9A5C9F3D1FF3}.Debug|Any CPU.ActiveCfg = Debug|Any CPU
		{58205818-9B39-46B3-810A-9A5C9F3D1FF3}.Debug|Any CPU.Build.0 = Debug|Any CPU
		{58205818-9B39-46B3-810A-9A5C9F3D1FF3}.Release|Any CPU.ActiveCfg = Release|Any CPU
		{58205818-9B39-46B3-810A-9A5C9F3D1FF3}.Release|Any CPU.Build.0 = Release|Any CPU
		{771BFA05-B247-41C8-A8A9-716BC466443C}.Debug|Any CPU.ActiveCfg = Debug|Any CPU
		{771BFA05-B247-41C8-A8A9-716BC466443C}.Debug|Any CPU.Build.0 = Debug|Any CPU
		{771BFA05-B247-41C8-A8A9-716BC466443C}.Release|Any CPU.ActiveCfg = Release|Any CPU
		{771BFA05-B247-41C8-A8A9-716BC466443C}.Release|Any CPU.Build.0 = Release|Any CPU
		{1D6A0E9C-BB14-471F-9546-57E47D071E67}.Debug|Any CPU.ActiveCfg = Debug|Any CPU
		{1D6A0E9C-BB14-471F-9546-57E47D071E67}.Debug|Any CPU.Build.0 = Debug|Any CPU
		{1D6A0E9C-BB14-471F-9546-57E47D071E67}.Release|Any CPU.ActiveCfg = Release|Any CPU
		{1D6A0E9C-BB14-471F-9546-57E47D071E67}.Release|Any CPU.Build.0 = Release|Any CPU
		{41D26C97-1AD6-4771-8EF5-5C602D40A749}.Debug|Any CPU.ActiveCfg = Debug|Any CPU
		{41D26C97-1AD6-4771-8EF5-5C602D40A749}.Debug|Any CPU.Build.0 = Debug|Any CPU
		{41D26C97-1AD6-4771-8EF5-5C602D40A749}.Release|Any CPU.ActiveCfg = Release|Any CPU
		{41D26C97-1AD6-4771-8EF5-5C602D40A749}.Release|Any CPU.Build.0 = Release|Any CPU
		{8C2A8A05-28EA-4E7B-AC79-3D42A29FFB67}.Debug|Any CPU.ActiveCfg = Debug|Any CPU
		{8C2A8A05-28EA-4E7B-AC79-3D42A29FFB67}.Debug|Any CPU.Build.0 = Debug|Any CPU
		{8C2A8A05-28EA-4E7B-AC79-3D42A29FFB67}.Release|Any CPU.ActiveCfg = Release|Any CPU
		{8C2A8A05-28EA-4E7B-AC79-3D42A29FFB67}.Release|Any CPU.Build.0 = Release|Any CPU
		{198D4339-6692-4179-9692-5B1199C4C37E}.Debug|Any CPU.ActiveCfg = Debug|Any CPU
		{198D4339-6692-4179-9692-5B1199C4C37E}.Debug|Any CPU.Build.0 = Debug|Any CPU
		{198D4339-6692-4179-9692-5B1199C4C37E}.Release|Any CPU.ActiveCfg = Release|Any CPU
		{198D4339-6692-4179-9692-5B1199C4C37E}.Release|Any CPU.Build.0 = Release|Any CPU
		{207DF30B-22CA-4A06-9982-2ED1B16B26D1}.Debug|Any CPU.ActiveCfg = Debug|Any CPU
		{207DF30B-22CA-4A06-9982-2ED1B16B26D1}.Debug|Any CPU.Build.0 = Debug|Any CPU
		{207DF30B-22CA-4A06-9982-2ED1B16B26D1}.Release|Any CPU.ActiveCfg = Release|Any CPU
		{207DF30B-22CA-4A06-9982-2ED1B16B26D1}.Release|Any CPU.Build.0 = Release|Any CPU
		{3D754722-0AA2-4A95-9FE2-F306F1E58F44}.Debug|Any CPU.ActiveCfg = Debug|Any CPU
		{3D754722-0AA2-4A95-9FE2-F306F1E58F44}.Debug|Any CPU.Build.0 = Debug|Any CPU
		{3D754722-0AA2-4A95-9FE2-F306F1E58F44}.Release|Any CPU.ActiveCfg = Release|Any CPU
		{3D754722-0AA2-4A95-9FE2-F306F1E58F44}.Release|Any CPU.Build.0 = Release|Any CPU
		{73879FDD-D7C3-4476-8BB5-AD384CE832ED}.Debug|Any CPU.ActiveCfg = Debug|Any CPU
		{73879FDD-D7C3-4476-8BB5-AD384CE832ED}.Debug|Any CPU.Build.0 = Debug|Any CPU
		{73879FDD-D7C3-4476-8BB5-AD384CE832ED}.Release|Any CPU.ActiveCfg = Release|Any CPU
		{73879FDD-D7C3-4476-8BB5-AD384CE832ED}.Release|Any CPU.Build.0 = Release|Any CPU
		{FCD5A097-2F27-4B90-A15B-5EEFFD45E1F3}.Debug|Any CPU.ActiveCfg = Debug|Any CPU
		{FCD5A097-2F27-4B90-A15B-5EEFFD45E1F3}.Debug|Any CPU.Build.0 = Debug|Any CPU
		{FCD5A097-2F27-4B90-A15B-5EEFFD45E1F3}.Release|Any CPU.ActiveCfg = Release|Any CPU
		{FCD5A097-2F27-4B90-A15B-5EEFFD45E1F3}.Release|Any CPU.Build.0 = Release|Any CPU
	EndGlobalSection
	GlobalSection(SolutionProperties) = preSolution
		HideSolutionNode = FALSE
	EndGlobalSection
	GlobalSection(NestedProjects) = preSolution
		{41D26C97-1AD6-4771-8EF5-5C602D40A749} = {C9481601-D96E-419D-A798-BE3B218E0A04}
		{8C2A8A05-28EA-4E7B-AC79-3D42A29FFB67} = {C9481601-D96E-419D-A798-BE3B218E0A04}
		{198D4339-6692-4179-9692-5B1199C4C37E} = {C9481601-D96E-419D-A798-BE3B218E0A04}
		{207DF30B-22CA-4A06-9982-2ED1B16B26D1} = {C9481601-D96E-419D-A798-BE3B218E0A04}
		{3D754722-0AA2-4A95-9FE2-F306F1E58F44} = {C9481601-D96E-419D-A798-BE3B218E0A04}
		{73879FDD-D7C3-4476-8BB5-AD384CE832ED} = {2EEEF897-64C5-4C57-ABB0-730483A4FA3D}
		{FCD5A097-2F27-4B90-A15B-5EEFFD45E1F3} = {5B7DF5CF-89B0-4C2C-AF37-FE29A98D9250}
	EndGlobalSection
	GlobalSection(ExtensibilityGlobals) = postSolution
		SolutionGuid = {419E6782-A71B-47A9-8B98-CE630CBB39AB}
	EndGlobalSection
EndGlobal
